{
  "version": "5",
  "specifiers": {
    "jsr:@denosaurs/cache@0.2.15": "0.2.15",
    "jsr:@gfx/build-glfw@0.1.0": "0.1.0",
    "jsr:@gfx/dwm@*": "0.3.9",
    "jsr:@std/fs@1.0.4": "1.0.4",
    "jsr:@std/path@1.0.6": "1.0.6",
    "jsr:@std/path@^1.0.6": "1.0.6"
  },
  "jsr": {
    "@denosaurs/cache@0.2.15": {
      "integrity": "c5abe7477ef5705ff7d3dbade3380a1b6cf82e3d4cb4755068a525a75cda987b",
      "dependencies": [
        "jsr:@std/fs",
        "jsr:@std/path@1.0.6"
      ]
    },
    "@gfx/build-glfw@0.1.0": {
      "integrity": "dfe046f585cacbe0aa6d696e9f8fa33c0b5411121c6de58b14073c85252110fe"
    },
    "@gfx/dwm@0.3.9": {
      "integrity": "867204194394a80679c6edd33916c8d3f4e08c33371bf07477d537cef17d4cb0",
      "dependencies": [
        "jsr:@denosaurs/cache",
        "jsr:@gfx/build-glfw"
      ]
    },
    "@std/fs@1.0.4": {
      "integrity": "2907d32d8d1d9e540588fd5fe0ec21ee638134bd51df327ad4e443aaef07123c",
      "dependencies": [
        "jsr:@std/path@^1.0.6"
      ]
    },
    "@std/path@1.0.6": {
      "integrity": "ab2c55f902b380cf28e0eec501b4906e4c1960d13f00e11cfbcd21de15f18fed"
    }
  },
  "redirects": {
    "https://deno.land/x/canvas/mod.ts": "https://deno.land/x/canvas@v1.4.2/mod.ts",
    "https://deno.land/x/sdl2/mod.ts": "https://deno.land/x/sdl2@0.9.0/mod.ts"
  },
  "remote": {
    "https://deno.land/std@0.106.0/encoding/base64.ts": "eecae390f1f1d1cae6f6c6d732ede5276bf4b9cd29b1d281678c054dc5cc009e",
    "https://deno.land/x/byte_type@0.1.7/ffi.ts": "5bc603fd9d0b695bcd1bdaeb45e6e34b0925d5cd8da41ceaec290570a55287e0",
    "https://deno.land/x/canvas@v1.4.2/deps.ts": "e956026d98094946166e06d7b799290b732db015813870d84e04e33ab88e98f3",
    "https://deno.land/x/canvas@v1.4.2/mod.ts": "a4e16972647ceafef58612a377a218372454c99d2c9da615a132694597114f80",
    "https://deno.land/x/canvas@v1.4.2/src/base64.ts": "0928031fdba0c43b617154fbe2eb7578366460c04da1422933ae5e936d3d0349",
    "https://deno.land/x/canvas@v1.4.2/src/canvas.ts": "58119999b04f68ebeed2627485c5c24c5b0c029707edde0b6568814f9049a3a8",
    "https://deno.land/x/canvas@v1.4.2/src/canvaskit.ts": "c3d807472cbb3e1d9fc01bb43ff974ef796c4b010178d1595be5fa793cce5e7d",
    "https://deno.land/x/canvas@v1.4.2/src/color_util.ts": "28f1072f0a5acbe7add7fac2f452311a47b44c080806fc4057de2d2e405c6c1c",
    "https://deno.land/x/canvas@v1.4.2/src/lib.js": "55c4064064870313439dd7ef5297374cb0cbed2dc815bd064c3ace6e067753b0",
    "https://deno.land/x/canvas@v1.4.2/src/types.ts": "67d5800f8f4b0a407e0251676a03ae91b5f50a3ed53e6b72dc5984113cb93128",
    "https://deno.land/x/canvas@v1.4.2/src/wasm.js": "449d72cc14fc4142a5853f944df49a744d852981d09c5515528ede8aebb0afda",
    "https://deno.land/x/sdl2@0.9.0/mod.ts": "207c427173431a3a7d6b4f1a47e76441e23a98cab732ed1fe6fd1bcc5d21794a"
  },
  "workspace": {
    "packageJson": {
      "dependencies": [
        "npm:@webgpu/types@~0.1.64",
        "npm:esbuild@~0.25.8",
        "npm:rollup-plugin-esbuild@^6.2.1",
        "npm:rollup-plugin-string@3",
        "npm:rollup@^4.46.2",
        "npm:typescript@^5.1.0"
      ]
    }
  }
}
